
Microsoft Visual Studio Solution File, Format Version 12.00
Project("{FAE04EC0-301F-11D3-BF4B-00C04F79EFBC}") = "Game", "Game\Game.csproj", "{52DF3A99-9396-4A62-BD9B-3EF513327BCF}"
EndProject
Project("{FAE04EC0-301F-11D3-BF4B-00C04F79EFBC}") = "One", "One\One.csproj", "{645A6C7C-BA2C-45AB-87AB-484288F77D0D}"
EndProject
Global
	GlobalSection(SolutionConfigurationPlatforms) = preSolution
		Debug|Any CPU = Debug|Any CPU
		Release|Any CPU = Release|Any CPU
	EndGlobalSection
	GlobalSection(ProjectConfigurationPlatforms) = postSolution
		{52DF3A99-9396-4A62-BD9B-3EF513327BCF}.Debug|Any CPU.ActiveCfg = Debug|Any CPU
		{52DF3A99-9396-4A62-BD9B-3EF513327BCF}.Debug|Any CPU.Build.0 = Debug|Any CPU
		{52DF3A99-9396-4A62-BD9B-3EF513327BCF}.Release|Any CPU.ActiveCfg = Release|Any CPU
		{52DF3A99-9396-4A62-BD9B-3EF513327BCF}.Release|Any CPU.Build.0 = Release|Any CPU
		{645A6C7C-BA2C-45AB-87AB-484288F77D0D}.Debug|Any CPU.ActiveCfg = Debug|Any CPU
		{645A6C7C-BA2C-45AB-87AB-484288F77D0D}.Debug|Any CPU.Build.0 = Debug|Any CPU
		{645A6C7C-BA2C-45AB-87AB-484288F77D0D}.Release|Any CPU.ActiveCfg = Release|Any CPU
		{645A6C7C-BA2C-45AB-87AB-484288F77D0D}.Release|Any CPU.Build.0 = Release|Any CPU
	EndGlobalSection
EndGlobal
